
Microsoft Visual Studio Solution File, Format Version 12.00
# Visual Studio 15
VisualStudioVersion = 15.0.26124.0
MinimumVisualStudioVersion = 15.0.26124.0
Project("{FAE04EC0-301F-11D3-BF4B-00C04F79EFBC}") = "Api", "Api\Api.csproj", "{FE15D48B-2A77-49EB-B291-EBC12BD8FC59}"
EndProject
Project("{FAE04EC0-301F-11D3-BF4B-00C04F79EFBC}") = "Business", "Business\Business.csproj", "{C20691AE-74C0-4CBF-9801-F22560176F00}"
EndProject
Project("{FAE04EC0-301F-11D3-BF4B-00C04F79EFBC}") = "Database", "Database\Database.csproj", "{7523DC19-43E3-4408-BA72-C9CFF3DCFDE2}"
EndProject
Project("{FAE04EC0-301F-11D3-BF4B-00C04F79EFBC}") = "DataAccess", "DataAccess\DataAccess.csproj", "{0E61FFB2-0713-4184-AA94-2A0D170D7DDB}"
EndProject
Project("{FAE04EC0-301F-11D3-BF4B-00C04F79EFBC}") = "Models", "Models\Models.csproj", "{BC995470-F56F-4377-BA8A-C8768F75E52B}"
EndProject
Project("{FAE04EC0-301F-11D3-BF4B-00C04F79EFBC}") = "Tests", "Tests\Tests.csproj", "{E8BC197F-71C4-449E-8605-9A23EDC03198}"
EndProject
Global
	GlobalSection(SolutionConfigurationPlatforms) = preSolution
		Debug|Any CPU = Debug|Any CPU
		Debug|x64 = Debug|x64
		Debug|x86 = Debug|x86
		Release|Any CPU = Release|Any CPU
		Release|x64 = Release|x64
		Release|x86 = Release|x86
	EndGlobalSection
	GlobalSection(SolutionProperties) = preSolution
		HideSolutionNode = FALSE
	EndGlobalSection
	GlobalSection(ProjectConfigurationPlatforms) = postSolution
		{FE15D48B-2A77-49EB-B291-EBC12BD8FC59}.Debug|Any CPU.ActiveCfg = Debug|Any CPU
		{FE15D48B-2A77-49EB-B291-EBC12BD8FC59}.Debug|Any CPU.Build.0 = Debug|Any CPU
		{FE15D48B-2A77-49EB-B291-EBC12BD8FC59}.Debug|x64.ActiveCfg = Debug|Any CPU
		{FE15D48B-2A77-49EB-B291-EBC12BD8FC59}.Debug|x64.Build.0 = Debug|Any CPU
		{FE15D48B-2A77-49EB-B291-EBC12BD8FC59}.Debug|x86.ActiveCfg = Debug|Any CPU
		{FE15D48B-2A77-49EB-B291-EBC12BD8FC59}.Debug|x86.Build.0 = Debug|Any CPU
		{FE15D48B-2A77-49EB-B291-EBC12BD8FC59}.Release|Any CPU.ActiveCfg = Release|Any CPU
		{FE15D48B-2A77-49EB-B291-EBC12BD8FC59}.Release|Any CPU.Build.0 = Release|Any CPU
		{FE15D48B-2A77-49EB-B291-EBC12BD8FC59}.Release|x64.ActiveCfg = Release|Any CPU
		{FE15D48B-2A77-49EB-B291-EBC12BD8FC59}.Release|x64.Build.0 = Release|Any CPU
		{FE15D48B-2A77-49EB-B291-EBC12BD8FC59}.Release|x86.ActiveCfg = Release|Any CPU
		{FE15D48B-2A77-49EB-B291-EBC12BD8FC59}.Release|x86.Build.0 = Release|Any CPU
		{C20691AE-74C0-4CBF-9801-F22560176F00}.Debug|Any CPU.ActiveCfg = Debug|Any CPU
		{C20691AE-74C0-4CBF-9801-F22560176F00}.Debug|Any CPU.Build.0 = Debug|Any CPU
		{C20691AE-74C0-4CBF-9801-F22560176F00}.Debug|x64.ActiveCfg = Debug|Any CPU
		{C20691AE-74C0-4CBF-9801-F22560176F00}.Debug|x64.Build.0 = Debug|Any CPU
		{C20691AE-74C0-4CBF-9801-F22560176F00}.Debug|x86.ActiveCfg = Debug|Any CPU
		{C20691AE-74C0-4CBF-9801-F22560176F00}.Debug|x86.Build.0 = Debug|Any CPU
		{C20691AE-74C0-4CBF-9801-F22560176F00}.Release|Any CPU.ActiveCfg = Release|Any CPU
		{C20691AE-74C0-4CBF-9801-F22560176F00}.Release|Any CPU.Build.0 = Release|Any CPU
		{C20691AE-74C0-4CBF-9801-F22560176F00}.Release|x64.ActiveCfg = Release|Any CPU
		{C20691AE-74C0-4CBF-9801-F22560176F00}.Release|x64.Build.0 = Release|Any CPU
		{C20691AE-74C0-4CBF-9801-F22560176F00}.Release|x86.ActiveCfg = Release|Any CPU
		{C20691AE-74C0-4CBF-9801-F22560176F00}.Release|x86.Build.0 = Release|Any CPU
		{7523DC19-43E3-4408-BA72-C9CFF3DCFDE2}.Debug|Any CPU.ActiveCfg = Debug|Any CPU
		{7523DC19-43E3-4408-BA72-C9CFF3DCFDE2}.Debug|Any CPU.Build.0 = Debug|Any CPU
		{7523DC19-43E3-4408-BA72-C9CFF3DCFDE2}.Debug|x64.ActiveCfg = Debug|Any CPU
		{7523DC19-43E3-4408-BA72-C9CFF3DCFDE2}.Debug|x64.Build.0 = Debug|Any CPU
		{7523DC19-43E3-4408-BA72-C9CFF3DCFDE2}.Debug|x86.ActiveCfg = Debug|Any CPU
		{7523DC19-43E3-4408-BA72-C9CFF3DCFDE2}.Debug|x86.Build.0 = Debug|Any CPU
		{7523DC19-43E3-4408-BA72-C9CFF3DCFDE2}.Release|Any CPU.ActiveCfg = Release|Any CPU
		{7523DC19-43E3-4408-BA72-C9CFF3DCFDE2}.Release|Any CPU.Build.0 = Release|Any CPU
		{7523DC19-43E3-4408-BA72-C9CFF3DCFDE2}.Release|x64.ActiveCfg = Release|Any CPU
		{7523DC19-43E3-4408-BA72-C9CFF3DCFDE2}.Release|x64.Build.0 = Release|Any CPU
		{7523DC19-43E3-4408-BA72-C9CFF3DCFDE2}.Release|x86.ActiveCfg = Release|Any CPU
		{7523DC19-43E3-4408-BA72-C9CFF3DCFDE2}.Release|x86.Build.0 = Release|Any CPU
		{0E61FFB2-0713-4184-AA94-2A0D170D7DDB}.Debug|Any CPU.ActiveCfg = Debug|Any CPU
		{0E61FFB2-0713-4184-AA94-2A0D170D7DDB}.Debug|Any CPU.Build.0 = Debug|Any CPU
		{0E61FFB2-0713-4184-AA94-2A0D170D7DDB}.Debug|x64.ActiveCfg = Debug|Any CPU
		{0E61FFB2-0713-4184-AA94-2A0D170D7DDB}.Debug|x64.Build.0 = Debug|Any CPU
		{0E61FFB2-0713-4184-AA94-2A0D170D7DDB}.Debug|x86.ActiveCfg = Debug|Any CPU
		{0E61FFB2-0713-4184-AA94-2A0D170D7DDB}.Debug|x86.Build.0 = Debug|Any CPU
		{0E61FFB2-0713-4184-AA94-2A0D170D7DDB}.Release|Any CPU.ActiveCfg = Release|Any CPU
		{0E61FFB2-0713-4184-AA94-2A0D170D7DDB}.Release|Any CPU.Build.0 = Release|Any CPU
		{0E61FFB2-0713-4184-AA94-2A0D170D7DDB}.Release|x64.ActiveCfg = Release|Any CPU
		{0E61FFB2-0713-4184-AA94-2A0D170D7DDB}.Release|x64.Build.0 = Release|Any CPU
		{0E61FFB2-0713-4184-AA94-2A0D170D7DDB}.Release|x86.ActiveCfg = Release|Any CPU
		{0E61FFB2-0713-4184-AA94-2A0D170D7DDB}.Release|x86.Build.0 = Release|Any CPU
		{BC995470-F56F-4377-BA8A-C8768F75E52B}.Debug|Any CPU.ActiveCfg = Debug|Any CPU
		{BC995470-F56F-4377-BA8A-C8768F75E52B}.Debug|Any CPU.Build.0 = Debug|Any CPU
		{BC995470-F56F-4377-BA8A-C8768F75E52B}.Debug|x64.ActiveCfg = Debug|Any CPU
		{BC995470-F56F-4377-BA8A-C8768F75E52B}.Debug|x64.Build.0 = Debug|Any CPU
		{BC995470-F56F-4377-BA8A-C8768F75E52B}.Debug|x86.ActiveCfg = Debug|Any CPU
		{BC995470-F56F-4377-BA8A-C8768F75E52B}.Debug|x86.Build.0 = Debug|Any CPU
		{BC995470-F56F-4377-BA8A-C8768F75E52B}.Release|Any CPU.ActiveCfg = Release|Any CPU
		{BC995470-F56F-4377-BA8A-C8768F75E52B}.Release|Any CPU.Build.0 = Release|Any CPU
		{BC995470-F56F-4377-BA8A-C8768F75E52B}.Release|x64.ActiveCfg = Release|Any CPU
		{BC995470-F56F-4377-BA8A-C8768F75E52B}.Release|x64.Build.0 = Release|Any CPU
		{BC995470-F56F-4377-BA8A-C8768F75E52B}.Release|x86.ActiveCfg = Release|Any CPU
		{BC995470-F56F-4377-BA8A-C8768F75E52B}.Release|x86.Build.0 = Release|Any CPU
		{E8BC197F-71C4-449E-8605-9A23EDC03198}.Debug|Any CPU.ActiveCfg = Debug|Any CPU
		{E8BC197F-71C4-449E-8605-9A23EDC03198}.Debug|Any CPU.Build.0 = Debug|Any CPU
		{E8BC197F-71C4-449E-8605-9A23EDC03198}.Debug|x64.ActiveCfg = Debug|Any CPU
		{E8BC197F-71C4-449E-8605-9A23EDC03198}.Debug|x64.Build.0 = Debug|Any CPU
		{E8BC197F-71C4-449E-8605-9A23EDC03198}.Debug|x86.ActiveCfg = Debug|Any CPU
		{E8BC197F-71C4-449E-8605-9A23EDC03198}.Debug|x86.Build.0 = Debug|Any CPU
		{E8BC197F-71C4-449E-8605-9A23EDC03198}.Release|Any CPU.ActiveCfg = Release|Any CPU
		{E8BC197F-71C4-449E-8605-9A23EDC03198}.Release|Any CPU.Build.0 = Release|Any CPU
		{E8BC197F-71C4-449E-8605-9A23EDC03198}.Release|x64.ActiveCfg = Release|Any CPU
		{E8BC197F-71C4-449E-8605-9A23EDC03198}.Release|x64.Build.0 = Release|Any CPU
		{E8BC197F-71C4-449E-8605-9A23EDC03198}.Release|x86.ActiveCfg = Release|Any CPU
		{E8BC197F-71C4-449E-8605-9A23EDC03198}.Release|x86.Build.0 = Release|Any CPU
	EndGlobalSection
EndGlobal
